
Microsoft Visual Studio Solution File, Format Version 12.00
# Visual Studio Version 17
VisualStudioVersion = 17.5.33516.290
MinimumVisualStudioVersion = 10.0.40219.1
Project("{FAE04EC0-301F-11D3-BF4B-00C04F79EFBC}") = "DependencyInjectionLifeTime", "DependencyInjectionLifeTime\DependencyInjectionLifeTime.csproj", "{492075CB-C515-4427-AE21-536DED6D5EB1}"
EndProject
Global
	GlobalSection(SolutionConfigurationPlatforms) = preSolution
		Debug|Any CPU = Debug|Any CPU
		Release|Any CPU = Release|Any CPU
	EndGlobalSection
	GlobalSection(ProjectConfigurationPlatforms) = postSolution
		{492075CB-C515-4427-AE21-536DED6D5EB1}.Debug|Any CPU.ActiveCfg = Debug|Any CPU
		{492075CB-C515-4427-AE21-536DED6D5EB1}.Debug|Any CPU.Build.0 = Debug|Any CPU
		{492075CB-C515-4427-AE21-536DED6D5EB1}.Release|Any CPU.ActiveCfg = Release|Any CPU
		{492075CB-C515-4427-AE21-536DED6D5EB1}.Release|Any CPU.Build.0 = Release|Any CPU
	EndGlobalSection
	GlobalSection(SolutionProperties) = preSolution
		HideSolutionNode = FALSE
	EndGlobalSection
	GlobalSection(ExtensibilityGlobals) = postSolution
		SolutionGuid = {AE9BC818-3E6D-4AF5-A9B5-B1DC304D1534}
	EndGlobalSection
EndGlobal
