
Microsoft Visual Studio Solution File, Format Version 12.00
# Visual Studio Version 17
VisualStudioVersion = 17.0.31903.59
MinimumVisualStudioVersion = 10.0.40219.1
Project("{2150E333-8FDC-42A3-9474-1A3956D46DE8}") = "src", "src", "{93F05783-3181-4F12-91B4-E1DB0EA57447}"
EndProject
Project("{2150E333-8FDC-42A3-9474-1A3956D46DE8}") = "Application", "Application", "{252063F5-FF7D-48C0-B2D4-C4D25CCFBCAC}"
EndProject
Project("{9A19103F-16F7-4668-BE54-9A1E7A4F7556}") = "Application.DataTransferObjects", "src\Application\Application.DataTransferObjects\Application.DataTransferObjects.csproj", "{99267067-9D54-4E94-A546-4AAADF3E55ED}"
EndProject
Project("{9A19103F-16F7-4668-BE54-9A1E7A4F7556}") = "Application.Services", "src\Application\Application.Services\Application.Services.csproj", "{3B36D7FD-6386-40ED-AB80-1285ED92E175}"
EndProject
Project("{2150E333-8FDC-42A3-9474-1A3956D46DE8}") = "Domain", "Domain", "{5B44078A-1175-4D8B-8A5C-71065D1FE17B}"
EndProject
Project("{9A19103F-16F7-4668-BE54-9A1E7A4F7556}") = "Domain.Entities", "src\Domain\Domain.Entities\Domain.Entities.csproj", "{380E8A34-1DAB-4592-A0ED-91280C742123}"
EndProject
Project("{2150E333-8FDC-42A3-9474-1A3956D46DE8}") = "Infrastructure", "Infrastructure", "{8D3FF2DD-A53B-4617-840A-0AA8C24952C2}"
EndProject
Project("{9A19103F-16F7-4668-BE54-9A1E7A4F7556}") = "Infrastructure.Persistence", "src\Infrastructure\Infrastructure.Persistence\Infrastructure.Persistence.csproj", "{3B232BDF-9693-4C3F-8497-783558CE3CC0}"
EndProject
Project("{2150E333-8FDC-42A3-9474-1A3956D46DE8}") = "WebAPI", "WebAPI", "{1E704824-2224-4BB8-81D2-8ACA258E42F7}"
EndProject
Project("{9A19103F-16F7-4668-BE54-9A1E7A4F7556}") = "WebAPI.API", "src\WebAPI\WebAPI.API\WebAPI.API.csproj", "{16CD6D10-BD6B-47D0-9171-B7A6E3F2A666}"
EndProject
Project("{9A19103F-16F7-4668-BE54-9A1E7A4F7556}") = "Application.Application", "src\Application\Application.Application\Application.Application.csproj", "{1513079B-0190-4006-8CE0-02D171357DCB}"
EndProject
Project("{9A19103F-16F7-4668-BE54-9A1E7A4F7556}") = "Application.Repositories", "src\Application\Application.Repositories\Application.Repositories.csproj", "{B67BB428-23DA-433A-8B30-54316E9AB5E9}"
EndProject
Project("{2150E333-8FDC-42A3-9474-1A3956D46DE8}") = "WebUI", "WebUI", "{0A692F80-4958-417D-A925-BC3BEA5B6EAF}"
EndProject
Project("{9A19103F-16F7-4668-BE54-9A1E7A4F7556}") = "WebUI.Mvc", "src\WebUI\Survey.MvcUI\WebUI.Mvc\WebUI.Mvc.csproj", "{AF2DC39C-ACDD-4CB7-BCDA-F75291B1DE88}"
EndProject
Project("{FAE04EC0-301F-11D3-BF4B-00C04F79EFBC}") = "Domain.Exceptions", "src\Domain\Domain.Exceptions\Domain.Exceptions.csproj", "{24EA0902-FAFA-4883-B914-A355700E6127}"
EndProject
Global
	GlobalSection(SolutionConfigurationPlatforms) = preSolution
		Debug|Any CPU = Debug|Any CPU
		Release|Any CPU = Release|Any CPU
	EndGlobalSection
	GlobalSection(ProjectConfigurationPlatforms) = postSolution
		{99267067-9D54-4E94-A546-4AAADF3E55ED}.Debug|Any CPU.ActiveCfg = Debug|Any CPU
		{99267067-9D54-4E94-A546-4AAADF3E55ED}.Debug|Any CPU.Build.0 = Debug|Any CPU
		{99267067-9D54-4E94-A546-4AAADF3E55ED}.Release|Any CPU.ActiveCfg = Release|Any CPU
		{99267067-9D54-4E94-A546-4AAADF3E55ED}.Release|Any CPU.Build.0 = Release|Any CPU
		{3B36D7FD-6386-40ED-AB80-1285ED92E175}.Debug|Any CPU.ActiveCfg = Debug|Any CPU
		{3B36D7FD-6386-40ED-AB80-1285ED92E175}.Debug|Any CPU.Build.0 = Debug|Any CPU
		{3B36D7FD-6386-40ED-AB80-1285ED92E175}.Release|Any CPU.ActiveCfg = Release|Any CPU
		{3B36D7FD-6386-40ED-AB80-1285ED92E175}.Release|Any CPU.Build.0 = Release|Any CPU
		{380E8A34-1DAB-4592-A0ED-91280C742123}.Debug|Any CPU.ActiveCfg = Debug|Any CPU
		{380E8A34-1DAB-4592-A0ED-91280C742123}.Debug|Any CPU.Build.0 = Debug|Any CPU
		{380E8A34-1DAB-4592-A0ED-91280C742123}.Release|Any CPU.ActiveCfg = Release|Any CPU
		{380E8A34-1DAB-4592-A0ED-91280C742123}.Release|Any CPU.Build.0 = Release|Any CPU
		{3B232BDF-9693-4C3F-8497-783558CE3CC0}.Debug|Any CPU.ActiveCfg = Debug|Any CPU
		{3B232BDF-9693-4C3F-8497-783558CE3CC0}.Debug|Any CPU.Build.0 = Debug|Any CPU
		{3B232BDF-9693-4C3F-8497-783558CE3CC0}.Release|Any CPU.ActiveCfg = Release|Any CPU
		{3B232BDF-9693-4C3F-8497-783558CE3CC0}.Release|Any CPU.Build.0 = Release|Any CPU
		{16CD6D10-BD6B-47D0-9171-B7A6E3F2A666}.Debug|Any CPU.ActiveCfg = Debug|Any CPU
		{16CD6D10-BD6B-47D0-9171-B7A6E3F2A666}.Debug|Any CPU.Build.0 = Debug|Any CPU
		{16CD6D10-BD6B-47D0-9171-B7A6E3F2A666}.Release|Any CPU.ActiveCfg = Release|Any CPU
		{16CD6D10-BD6B-47D0-9171-B7A6E3F2A666}.Release|Any CPU.Build.0 = Release|Any CPU
		{1513079B-0190-4006-8CE0-02D171357DCB}.Debug|Any CPU.ActiveCfg = Debug|Any CPU
		{1513079B-0190-4006-8CE0-02D171357DCB}.Debug|Any CPU.Build.0 = Debug|Any CPU
		{1513079B-0190-4006-8CE0-02D171357DCB}.Release|Any CPU.ActiveCfg = Release|Any CPU
		{1513079B-0190-4006-8CE0-02D171357DCB}.Release|Any CPU.Build.0 = Release|Any CPU
		{B67BB428-23DA-433A-8B30-54316E9AB5E9}.Debug|Any CPU.ActiveCfg = Debug|Any CPU
		{B67BB428-23DA-433A-8B30-54316E9AB5E9}.Debug|Any CPU.Build.0 = Debug|Any CPU
		{B67BB428-23DA-433A-8B30-54316E9AB5E9}.Release|Any CPU.ActiveCfg = Release|Any CPU
		{B67BB428-23DA-433A-8B30-54316E9AB5E9}.Release|Any CPU.Build.0 = Release|Any CPU
		{AF2DC39C-ACDD-4CB7-BCDA-F75291B1DE88}.Debug|Any CPU.ActiveCfg = Debug|Any CPU
		{AF2DC39C-ACDD-4CB7-BCDA-F75291B1DE88}.Debug|Any CPU.Build.0 = Debug|Any CPU
		{AF2DC39C-ACDD-4CB7-BCDA-F75291B1DE88}.Release|Any CPU.ActiveCfg = Release|Any CPU
		{AF2DC39C-ACDD-4CB7-BCDA-F75291B1DE88}.Release|Any CPU.Build.0 = Release|Any CPU
		{24EA0902-FAFA-4883-B914-A355700E6127}.Debug|Any CPU.ActiveCfg = Debug|Any CPU
		{24EA0902-FAFA-4883-B914-A355700E6127}.Debug|Any CPU.Build.0 = Debug|Any CPU
		{24EA0902-FAFA-4883-B914-A355700E6127}.Release|Any CPU.ActiveCfg = Release|Any CPU
		{24EA0902-FAFA-4883-B914-A355700E6127}.Release|Any CPU.Build.0 = Release|Any CPU
	EndGlobalSection
	GlobalSection(SolutionProperties) = preSolution
		HideSolutionNode = FALSE
	EndGlobalSection
	GlobalSection(NestedProjects) = preSolution
		{252063F5-FF7D-48C0-B2D4-C4D25CCFBCAC} = {93F05783-3181-4F12-91B4-E1DB0EA57447}
		{99267067-9D54-4E94-A546-4AAADF3E55ED} = {252063F5-FF7D-48C0-B2D4-C4D25CCFBCAC}
		{3B36D7FD-6386-40ED-AB80-1285ED92E175} = {252063F5-FF7D-48C0-B2D4-C4D25CCFBCAC}
		{5B44078A-1175-4D8B-8A5C-71065D1FE17B} = {93F05783-3181-4F12-91B4-E1DB0EA57447}
		{380E8A34-1DAB-4592-A0ED-91280C742123} = {5B44078A-1175-4D8B-8A5C-71065D1FE17B}
		{8D3FF2DD-A53B-4617-840A-0AA8C24952C2} = {93F05783-3181-4F12-91B4-E1DB0EA57447}
		{3B232BDF-9693-4C3F-8497-783558CE3CC0} = {8D3FF2DD-A53B-4617-840A-0AA8C24952C2}
		{1E704824-2224-4BB8-81D2-8ACA258E42F7} = {93F05783-3181-4F12-91B4-E1DB0EA57447}
		{16CD6D10-BD6B-47D0-9171-B7A6E3F2A666} = {1E704824-2224-4BB8-81D2-8ACA258E42F7}
		{1513079B-0190-4006-8CE0-02D171357DCB} = {252063F5-FF7D-48C0-B2D4-C4D25CCFBCAC}
		{B67BB428-23DA-433A-8B30-54316E9AB5E9} = {252063F5-FF7D-48C0-B2D4-C4D25CCFBCAC}
		{0A692F80-4958-417D-A925-BC3BEA5B6EAF} = {93F05783-3181-4F12-91B4-E1DB0EA57447}
		{AF2DC39C-ACDD-4CB7-BCDA-F75291B1DE88} = {0A692F80-4958-417D-A925-BC3BEA5B6EAF}
		{24EA0902-FAFA-4883-B914-A355700E6127} = {5B44078A-1175-4D8B-8A5C-71065D1FE17B}
	EndGlobalSection
	GlobalSection(ExtensibilityGlobals) = postSolution
		SolutionGuid = {D7B816DD-F603-4771-BFC7-DEDD32BE10EA}
	EndGlobalSection
EndGlobal
