
Microsoft Visual Studio Solution File, Format Version 12.00
# Visual Studio Version 17
VisualStudioVersion = 17.5.33424.131
MinimumVisualStudioVersion = 10.0.40219.1
Project("{FAE04EC0-301F-11D3-BF4B-00C04F79EFBC}") = "CreatingFunctions", "CreatingFunctions\CreatingFunctions.csproj", "{833B5528-6C59-43DE-9C65-D96686CBD135}"
EndProject
Global
	GlobalSection(SolutionConfigurationPlatforms) = preSolution
		Debug|Any CPU = Debug|Any CPU
		Release|Any CPU = Release|Any CPU
	EndGlobalSection
	GlobalSection(ProjectConfigurationPlatforms) = postSolution
		{833B5528-6C59-43DE-9C65-D96686CBD135}.Debug|Any CPU.ActiveCfg = Debug|Any CPU
		{833B5528-6C59-43DE-9C65-D96686CBD135}.Debug|Any CPU.Build.0 = Debug|Any CPU
		{833B5528-6C59-43DE-9C65-D96686CBD135}.Release|Any CPU.ActiveCfg = Release|Any CPU
		{833B5528-6C59-43DE-9C65-D96686CBD135}.Release|Any CPU.Build.0 = Release|Any CPU
	EndGlobalSection
	GlobalSection(SolutionProperties) = preSolution
		HideSolutionNode = FALSE
	EndGlobalSection
	GlobalSection(ExtensibilityGlobals) = postSolution
		SolutionGuid = {D202EBDF-82DA-4EDC-B716-0ADE3B22179C}
	EndGlobalSection
EndGlobal
