
Microsoft Visual Studio Solution File, Format Version 12.00
# Visual Studio Version 17
VisualStudioVersion = 17.5.33516.290
MinimumVisualStudioVersion = 10.0.40219.1
Project("{FAE04EC0-301F-11D3-BF4B-00C04F79EFBC}") = "UsingDelegates", "UsingDelegates\UsingDelegates.csproj", "{0F78CE66-533A-4070-95C1-BCF844F71E12}"
EndProject
Project("{FAE04EC0-301F-11D3-BF4B-00C04F79EFBC}") = "Events", "Events\Events.csproj", "{49FA588D-BF3A-4407-9331-680F8B6281C1}"
EndProject
Global
	GlobalSection(SolutionConfigurationPlatforms) = preSolution
		Debug|Any CPU = Debug|Any CPU
		Release|Any CPU = Release|Any CPU
	EndGlobalSection
	GlobalSection(ProjectConfigurationPlatforms) = postSolution
		{0F78CE66-533A-4070-95C1-BCF844F71E12}.Debug|Any CPU.ActiveCfg = Debug|Any CPU
		{0F78CE66-533A-4070-95C1-BCF844F71E12}.Debug|Any CPU.Build.0 = Debug|Any CPU
		{0F78CE66-533A-4070-95C1-BCF844F71E12}.Release|Any CPU.ActiveCfg = Release|Any CPU
		{0F78CE66-533A-4070-95C1-BCF844F71E12}.Release|Any CPU.Build.0 = Release|Any CPU
		{49FA588D-BF3A-4407-9331-680F8B6281C1}.Debug|Any CPU.ActiveCfg = Debug|Any CPU
		{49FA588D-BF3A-4407-9331-680F8B6281C1}.Debug|Any CPU.Build.0 = Debug|Any CPU
		{49FA588D-BF3A-4407-9331-680F8B6281C1}.Release|Any CPU.ActiveCfg = Release|Any CPU
		{49FA588D-BF3A-4407-9331-680F8B6281C1}.Release|Any CPU.Build.0 = Release|Any CPU
	EndGlobalSection
	GlobalSection(SolutionProperties) = preSolution
		HideSolutionNode = FALSE
	EndGlobalSection
	GlobalSection(ExtensibilityGlobals) = postSolution
		SolutionGuid = {209A3711-2877-4554-85D1-EAC2471DCE4E}
	EndGlobalSection
EndGlobal
