
Microsoft Visual Studio Solution File, Format Version 12.00
# Visual Studio Version 17
VisualStudioVersion = 17.5.33516.290
MinimumVisualStudioVersion = 10.0.40219.1
Project("{FAE04EC0-301F-11D3-BF4B-00C04F79EFBC}") = "IntroduceEFCore", "IntroduceEFCore\IntroduceEFCore.csproj", "{DB93A01C-58B3-40FA-B26D-793F1266F01E}"
EndProject
Global
	GlobalSection(SolutionConfigurationPlatforms) = preSolution
		Debug|Any CPU = Debug|Any CPU
		Release|Any CPU = Release|Any CPU
	EndGlobalSection
	GlobalSection(ProjectConfigurationPlatforms) = postSolution
		{DB93A01C-58B3-40FA-B26D-793F1266F01E}.Debug|Any CPU.ActiveCfg = Debug|Any CPU
		{DB93A01C-58B3-40FA-B26D-793F1266F01E}.Debug|Any CPU.Build.0 = Debug|Any CPU
		{DB93A01C-58B3-40FA-B26D-793F1266F01E}.Release|Any CPU.ActiveCfg = Release|Any CPU
		{DB93A01C-58B3-40FA-B26D-793F1266F01E}.Release|Any CPU.Build.0 = Release|Any CPU
	EndGlobalSection
	GlobalSection(SolutionProperties) = preSolution
		HideSolutionNode = FALSE
	EndGlobalSection
	GlobalSection(ExtensibilityGlobals) = postSolution
		SolutionGuid = {E4D4CAA3-DEB4-425E-9D42-6DE2A439F330}
	EndGlobalSection
EndGlobal
