
Microsoft Visual Studio Solution File, Format Version 12.00
# Visual Studio Version 17
VisualStudioVersion = 17.5.33516.290
MinimumVisualStudioVersion = 10.0.40219.1
Project("{2150E333-8FDC-42A3-9474-1A3956D46DE8}") = "src", "src", "{778860C8-1120-4BF1-8D96-F545F8E339AC}"
EndProject
Project("{2150E333-8FDC-42A3-9474-1A3956D46DE8}") = "webUI", "webUI", "{4CB8133B-9475-4682-A7AE-6213878E039A}"
EndProject
Project("{9A19103F-16F7-4668-BE54-9A1E7A4F7556}") = "CourseApp.Mvc", "src\webUI\CourseApp.Mvc\CourseApp.Mvc.csproj", "{DBB48C5A-B6CA-4E54-B6EA-96EC5638F763}"
EndProject
Project("{2150E333-8FDC-42A3-9474-1A3956D46DE8}") = "Domain", "Domain", "{98055BF3-D5A9-48A0-A9CE-3CC5D9632D5C}"
EndProject
Project("{9A19103F-16F7-4668-BE54-9A1E7A4F7556}") = "CourseApp.Entities", "src\Domain\CourseApp.Entities\CourseApp.Entities.csproj", "{6B8B913B-FFBA-4FD4-977A-D8908D5C58BC}"
EndProject
Project("{2150E333-8FDC-42A3-9474-1A3956D46DE8}") = "Application", "Application", "{EF574BBA-BC0E-40E9-90DA-370A211AAAA7}"
EndProject
Project("{9A19103F-16F7-4668-BE54-9A1E7A4F7556}") = "CourseApp.Services", "src\Application\CourseApp.Services\CourseApp.Services.csproj", "{7E1167DE-43BF-44D4-8196-17629527D098}"
EndProject
Project("{9A19103F-16F7-4668-BE54-9A1E7A4F7556}") = "CourseApp.DataTransferObjects", "src\Application\CourseApp.DataTransferObjects\CourseApp.DataTransferObjects.csproj", "{BFA48C01-7ADE-45B3-A77F-317EC49E1DCD}"
EndProject
Project("{2150E333-8FDC-42A3-9474-1A3956D46DE8}") = "Infrastructure", "Infrastructure", "{5082D7F6-BA84-44D6-B947-F2CB4EBF2942}"
EndProject
Project("{9A19103F-16F7-4668-BE54-9A1E7A4F7556}") = "CourseApp.Infrastructure", "src\Infrastructure\CourseApp.Infrastructure\CourseApp.Infrastructure.csproj", "{FC9723AE-D851-4AA0-A64C-4CBBDA984205}"
EndProject
Project("{2150E333-8FDC-42A3-9474-1A3956D46DE8}") = "WebAPI", "WebAPI", "{CCE10039-2D65-46F1-9A72-CFCD0FE9531B}"
EndProject
Project("{9A19103F-16F7-4668-BE54-9A1E7A4F7556}") = "CourseApp.API", "src\WebAPI\CourseApp.API\CourseApp.API.csproj", "{5EB50570-004B-4E4C-973A-DC2A1F815F8A}"
EndProject
Global
	GlobalSection(SolutionConfigurationPlatforms) = preSolution
		Debug|Any CPU = Debug|Any CPU
		Release|Any CPU = Release|Any CPU
	EndGlobalSection
	GlobalSection(ProjectConfigurationPlatforms) = postSolution
		{DBB48C5A-B6CA-4E54-B6EA-96EC5638F763}.Debug|Any CPU.ActiveCfg = Debug|Any CPU
		{DBB48C5A-B6CA-4E54-B6EA-96EC5638F763}.Debug|Any CPU.Build.0 = Debug|Any CPU
		{DBB48C5A-B6CA-4E54-B6EA-96EC5638F763}.Release|Any CPU.ActiveCfg = Release|Any CPU
		{DBB48C5A-B6CA-4E54-B6EA-96EC5638F763}.Release|Any CPU.Build.0 = Release|Any CPU
		{6B8B913B-FFBA-4FD4-977A-D8908D5C58BC}.Debug|Any CPU.ActiveCfg = Debug|Any CPU
		{6B8B913B-FFBA-4FD4-977A-D8908D5C58BC}.Debug|Any CPU.Build.0 = Debug|Any CPU
		{6B8B913B-FFBA-4FD4-977A-D8908D5C58BC}.Release|Any CPU.ActiveCfg = Release|Any CPU
		{6B8B913B-FFBA-4FD4-977A-D8908D5C58BC}.Release|Any CPU.Build.0 = Release|Any CPU
		{7E1167DE-43BF-44D4-8196-17629527D098}.Debug|Any CPU.ActiveCfg = Debug|Any CPU
		{7E1167DE-43BF-44D4-8196-17629527D098}.Debug|Any CPU.Build.0 = Debug|Any CPU
		{7E1167DE-43BF-44D4-8196-17629527D098}.Release|Any CPU.ActiveCfg = Release|Any CPU
		{7E1167DE-43BF-44D4-8196-17629527D098}.Release|Any CPU.Build.0 = Release|Any CPU
		{BFA48C01-7ADE-45B3-A77F-317EC49E1DCD}.Debug|Any CPU.ActiveCfg = Debug|Any CPU
		{BFA48C01-7ADE-45B3-A77F-317EC49E1DCD}.Debug|Any CPU.Build.0 = Debug|Any CPU
		{BFA48C01-7ADE-45B3-A77F-317EC49E1DCD}.Release|Any CPU.ActiveCfg = Release|Any CPU
		{BFA48C01-7ADE-45B3-A77F-317EC49E1DCD}.Release|Any CPU.Build.0 = Release|Any CPU
		{FC9723AE-D851-4AA0-A64C-4CBBDA984205}.Debug|Any CPU.ActiveCfg = Debug|Any CPU
		{FC9723AE-D851-4AA0-A64C-4CBBDA984205}.Debug|Any CPU.Build.0 = Debug|Any CPU
		{FC9723AE-D851-4AA0-A64C-4CBBDA984205}.Release|Any CPU.ActiveCfg = Release|Any CPU
		{FC9723AE-D851-4AA0-A64C-4CBBDA984205}.Release|Any CPU.Build.0 = Release|Any CPU
		{5EB50570-004B-4E4C-973A-DC2A1F815F8A}.Debug|Any CPU.ActiveCfg = Debug|Any CPU
		{5EB50570-004B-4E4C-973A-DC2A1F815F8A}.Debug|Any CPU.Build.0 = Debug|Any CPU
		{5EB50570-004B-4E4C-973A-DC2A1F815F8A}.Release|Any CPU.ActiveCfg = Release|Any CPU
		{5EB50570-004B-4E4C-973A-DC2A1F815F8A}.Release|Any CPU.Build.0 = Release|Any CPU
	EndGlobalSection
	GlobalSection(SolutionProperties) = preSolution
		HideSolutionNode = FALSE
	EndGlobalSection
	GlobalSection(NestedProjects) = preSolution
		{4CB8133B-9475-4682-A7AE-6213878E039A} = {778860C8-1120-4BF1-8D96-F545F8E339AC}
		{DBB48C5A-B6CA-4E54-B6EA-96EC5638F763} = {4CB8133B-9475-4682-A7AE-6213878E039A}
		{98055BF3-D5A9-48A0-A9CE-3CC5D9632D5C} = {778860C8-1120-4BF1-8D96-F545F8E339AC}
		{6B8B913B-FFBA-4FD4-977A-D8908D5C58BC} = {98055BF3-D5A9-48A0-A9CE-3CC5D9632D5C}
		{EF574BBA-BC0E-40E9-90DA-370A211AAAA7} = {778860C8-1120-4BF1-8D96-F545F8E339AC}
		{7E1167DE-43BF-44D4-8196-17629527D098} = {EF574BBA-BC0E-40E9-90DA-370A211AAAA7}
		{BFA48C01-7ADE-45B3-A77F-317EC49E1DCD} = {EF574BBA-BC0E-40E9-90DA-370A211AAAA7}
		{5082D7F6-BA84-44D6-B947-F2CB4EBF2942} = {778860C8-1120-4BF1-8D96-F545F8E339AC}
		{FC9723AE-D851-4AA0-A64C-4CBBDA984205} = {5082D7F6-BA84-44D6-B947-F2CB4EBF2942}
		{CCE10039-2D65-46F1-9A72-CFCD0FE9531B} = {778860C8-1120-4BF1-8D96-F545F8E339AC}
		{5EB50570-004B-4E4C-973A-DC2A1F815F8A} = {CCE10039-2D65-46F1-9A72-CFCD0FE9531B}
	EndGlobalSection
	GlobalSection(ExtensibilityGlobals) = postSolution
		SolutionGuid = {A5F068D2-2237-4C98-A9D6-91EC860A72B6}
	EndGlobalSection
EndGlobal
