
Microsoft Visual Studio Solution File, Format Version 12.00
# Visual Studio Version 17
VisualStudioVersion = 17.5.33424.131
MinimumVisualStudioVersion = 10.0.40219.1
Project("{FAE04EC0-301F-11D3-BF4B-00C04F79EFBC}") = "BuiltInFunctions", "BuiltInFunctions\BuiltInFunctions.csproj", "{87FED6E3-E11A-4345-A010-3B8277D84818}"
EndProject
Global
	GlobalSection(SolutionConfigurationPlatforms) = preSolution
		Debug|Any CPU = Debug|Any CPU
		Release|Any CPU = Release|Any CPU
	EndGlobalSection
	GlobalSection(ProjectConfigurationPlatforms) = postSolution
		{87FED6E3-E11A-4345-A010-3B8277D84818}.Debug|Any CPU.ActiveCfg = Debug|Any CPU
		{87FED6E3-E11A-4345-A010-3B8277D84818}.Debug|Any CPU.Build.0 = Debug|Any CPU
		{87FED6E3-E11A-4345-A010-3B8277D84818}.Release|Any CPU.ActiveCfg = Release|Any CPU
		{87FED6E3-E11A-4345-A010-3B8277D84818}.Release|Any CPU.Build.0 = Release|Any CPU
	EndGlobalSection
	GlobalSection(SolutionProperties) = preSolution
		HideSolutionNode = FALSE
	EndGlobalSection
	GlobalSection(ExtensibilityGlobals) = postSolution
		SolutionGuid = {4591705F-2D99-412A-B3CD-7E7673D985EC}
	EndGlobalSection
EndGlobal
