
Microsoft Visual Studio Solution File, Format Version 12.00
# Visual Studio Version 17
VisualStudioVersion = 17.5.33516.290
MinimumVisualStudioVersion = 10.0.40219.1
Project("{FAE04EC0-301F-11D3-BF4B-00C04F79EFBC}") = "BasicThread", "Basic Thread\BasicThread.csproj", "{6E2031EC-8FA8-4815-A620-A0B7F2D795C0}"
EndProject
Project("{FAE04EC0-301F-11D3-BF4B-00C04F79EFBC}") = "TaskMechanism", "TaskMechanism\TaskMechanism.csproj", "{97AFC3E9-8B3A-4E3C-A025-053D561AF6CE}"
EndProject
Global
	GlobalSection(SolutionConfigurationPlatforms) = preSolution
		Debug|Any CPU = Debug|Any CPU
		Release|Any CPU = Release|Any CPU
	EndGlobalSection
	GlobalSection(ProjectConfigurationPlatforms) = postSolution
		{6E2031EC-8FA8-4815-A620-A0B7F2D795C0}.Debug|Any CPU.ActiveCfg = Debug|Any CPU
		{6E2031EC-8FA8-4815-A620-A0B7F2D795C0}.Debug|Any CPU.Build.0 = Debug|Any CPU
		{6E2031EC-8FA8-4815-A620-A0B7F2D795C0}.Release|Any CPU.ActiveCfg = Release|Any CPU
		{6E2031EC-8FA8-4815-A620-A0B7F2D795C0}.Release|Any CPU.Build.0 = Release|Any CPU
		{97AFC3E9-8B3A-4E3C-A025-053D561AF6CE}.Debug|Any CPU.ActiveCfg = Debug|Any CPU
		{97AFC3E9-8B3A-4E3C-A025-053D561AF6CE}.Debug|Any CPU.Build.0 = Debug|Any CPU
		{97AFC3E9-8B3A-4E3C-A025-053D561AF6CE}.Release|Any CPU.ActiveCfg = Release|Any CPU
		{97AFC3E9-8B3A-4E3C-A025-053D561AF6CE}.Release|Any CPU.Build.0 = Release|Any CPU
	EndGlobalSection
	GlobalSection(SolutionProperties) = preSolution
		HideSolutionNode = FALSE
	EndGlobalSection
	GlobalSection(ExtensibilityGlobals) = postSolution
		SolutionGuid = {81DAA634-8BE7-460F-9C9B-F07FF9A65137}
	EndGlobalSection
EndGlobal
