
Microsoft Visual Studio Solution File, Format Version 12.00
# Visual Studio Version 17
VisualStudioVersion = 17.6.33723.286
MinimumVisualStudioVersion = 10.0.40219.1
Project("{FAE04EC0-301F-11D3-BF4B-00C04F79EFBC}") = "CustomMiddlewares", "CustomMiddlewares\CustomMiddlewares.csproj", "{BFD100FA-4543-48D6-8D14-47A447A0ADEE}"
EndProject
Global
	GlobalSection(SolutionConfigurationPlatforms) = preSolution
		Debug|Any CPU = Debug|Any CPU
		Release|Any CPU = Release|Any CPU
	EndGlobalSection
	GlobalSection(ProjectConfigurationPlatforms) = postSolution
		{BFD100FA-4543-48D6-8D14-47A447A0ADEE}.Debug|Any CPU.ActiveCfg = Debug|Any CPU
		{BFD100FA-4543-48D6-8D14-47A447A0ADEE}.Debug|Any CPU.Build.0 = Debug|Any CPU
		{BFD100FA-4543-48D6-8D14-47A447A0ADEE}.Release|Any CPU.ActiveCfg = Release|Any CPU
		{BFD100FA-4543-48D6-8D14-47A447A0ADEE}.Release|Any CPU.Build.0 = Release|Any CPU
	EndGlobalSection
	GlobalSection(SolutionProperties) = preSolution
		HideSolutionNode = FALSE
	EndGlobalSection
	GlobalSection(ExtensibilityGlobals) = postSolution
		SolutionGuid = {3B499453-3720-4EAB-A348-CA6D749B1058}
	EndGlobalSection
EndGlobal
