
Microsoft Visual Studio Solution File, Format Version 12.00
# Visual Studio Version 17
VisualStudioVersion = 17.5.33424.131
MinimumVisualStudioVersion = 10.0.40219.1
Project("{FAE04EC0-301F-11D3-BF4B-00C04F79EFBC}") = "SwitchCase", "SwitchCase\SwitchCase.csproj", "{922C1688-BE23-44A4-84AA-42D628FBD562}"
EndProject
Global
	GlobalSection(SolutionConfigurationPlatforms) = preSolution
		Debug|Any CPU = Debug|Any CPU
		Release|Any CPU = Release|Any CPU
	EndGlobalSection
	GlobalSection(ProjectConfigurationPlatforms) = postSolution
		{922C1688-BE23-44A4-84AA-42D628FBD562}.Debug|Any CPU.ActiveCfg = Debug|Any CPU
		{922C1688-BE23-44A4-84AA-42D628FBD562}.Debug|Any CPU.Build.0 = Debug|Any CPU
		{922C1688-BE23-44A4-84AA-42D628FBD562}.Release|Any CPU.ActiveCfg = Release|Any CPU
		{922C1688-BE23-44A4-84AA-42D628FBD562}.Release|Any CPU.Build.0 = Release|Any CPU
	EndGlobalSection
	GlobalSection(SolutionProperties) = preSolution
		HideSolutionNode = FALSE
	EndGlobalSection
	GlobalSection(ExtensibilityGlobals) = postSolution
		SolutionGuid = {543F654C-0183-4C7D-A06D-B980E04D4A28}
	EndGlobalSection
EndGlobal
