
Microsoft Visual Studio Solution File, Format Version 12.00
# Visual Studio Version 17
VisualStudioVersion = 17.5.33516.290
MinimumVisualStudioVersion = 10.0.40219.1
Project("{FAE04EC0-301F-11D3-BF4B-00C04F79EFBC}") = "DbFirstSample", "DbFirstSample\DbFirstSample.csproj", "{97D31D33-ACEF-4E27-9F1B-B21DF9DFEE8E}"
EndProject
Global
	GlobalSection(SolutionConfigurationPlatforms) = preSolution
		Debug|Any CPU = Debug|Any CPU
		Release|Any CPU = Release|Any CPU
	EndGlobalSection
	GlobalSection(ProjectConfigurationPlatforms) = postSolution
		{97D31D33-ACEF-4E27-9F1B-B21DF9DFEE8E}.Debug|Any CPU.ActiveCfg = Debug|Any CPU
		{97D31D33-ACEF-4E27-9F1B-B21DF9DFEE8E}.Debug|Any CPU.Build.0 = Debug|Any CPU
		{97D31D33-ACEF-4E27-9F1B-B21DF9DFEE8E}.Release|Any CPU.ActiveCfg = Release|Any CPU
		{97D31D33-ACEF-4E27-9F1B-B21DF9DFEE8E}.Release|Any CPU.Build.0 = Release|Any CPU
	EndGlobalSection
	GlobalSection(SolutionProperties) = preSolution
		HideSolutionNode = FALSE
	EndGlobalSection
	GlobalSection(ExtensibilityGlobals) = postSolution
		SolutionGuid = {85CE291B-8E6F-4DC3-931A-4FF7621027DA}
	EndGlobalSection
EndGlobal
